// !$*UTF8*$!
{
	archiveVersion = 1;
	classes = {
	};
	objectVersion = 46;
	objects = {

/* Begin PBXBuildFile section */
		A817A0111E6928E400EFEFEC /* MGCollapsingHeaderView.m in Sources */ = {isa = PBXBuildFile; fileRef = A817A0101E6928E400EFEFEC /* MGCollapsingHeaderView.m */; };
/* End PBXBuildFile section */

/* Begin PBXCopyFilesBuildPhase section */
		A8179FFE1E6927A600EFEFEC /* CopyFiles */ = {
			isa = PBXCopyFilesBuildPhase;
			buildActionMask = 2147483647;
			dstPath = "include/$(PRODUCT_NAME)";
			dstSubfolderSpec = 16;
			files = (
			);
			runOnlyForDeploymentPostprocessing = 0;
		};
/* End PBXCopyFilesBuildPhase section */

/* Begin PBXFileReference section */
		A817A0001E6927A600EFEFEC /* libMGCollapsingHeader.a */ = {isa = PBXFileReference; explicitFileType = archive.ar; includeInIndex = 0; path = libMGCollapsingHeader.a; sourceTree = BUILT_PRODUCTS_DIR; };
		A817A00F1E6928E400EFEFEC /* MGCollapsingHeaderView.h */ = {isa = PBXFileReference; fileEncoding = 4; lastKnownFileType = sourcecode.c.h; path = MGCollapsingHeaderView.h; sourceTree = "<group>"; };
		A817A0101E6928E400EFEFEC /* MGCollapsingHeaderView.m */ = {isa = PBXFileReference; fileEncoding = 4; lastKnownFileType = sourcecode.c.objc; path = MGCollapsingHeaderView.m; sourceTree = "<group>"; };
/* End PBXFileReference section */

/* Begin PBXFrameworksBuildPhase section */
		A8179FFD1E6927A600EFEFEC /* Frameworks */ = {
			isa = PBXFrameworksBuildPhase;
			buildActionMask = 2147483647;
			files = (
			);
			runOnlyForDeploymentPostprocessing = 0;
		};
/* End PBXFrameworksBuildPhase section */

/* Begin PBXGroup section */
		A8179FF71E6927A600EFEFEC = {
			isa = PBXGroup;
			children = (
				A817A0021E6927A600EFEFEC /* MGCollapsingHeader */,
				A817A0011E6927A600EFEFEC /* Products */,
			);
			sourceTree = "<group>";
		};
		A817A0011E6927A600EFEFEC /* Products */ = {
			isa = PBXGroup;
			children = (
				A817A0001E6927A600EFEFEC /* libMGCollapsingHeader.a */,
			);
			name = Products;
			sourceTree = "<group>";
		};
		A817A0021E6927A600EFEFEC /* MGCollapsingHeader */ = {
			isa = PBXGroup;
			children = (
				A817A00F1E6928E400EFEFEC /* MGCollapsingHeaderView.h */,
				A817A0101E6928E400EFEFEC /* MGCollapsingHeaderView.m */,
			);
			path = MGCollapsingHeader;
			sourceTree = "<group>";
		};
/* End PBXGroup section */

/* Begin PBXNativeTarget section */
		A8179FFF1E6927A600EFEFEC /* MGCollapsingHeader */ = {
			isa = PBXNativeTarget;
			buildConfigurationList = A817A0091E6927A600EFEFEC /* Build configuration list for PBXNativeTarget "MGCollapsingHeader" */;
			buildPhases = (
				A8179FFC1E6927A600EFEFEC /* Sources */,
				A8179FFD1E6927A600EFEFEC /* Frameworks */,
				A8179FFE1E6927A600EFEFEC /* CopyFiles */,
			);
			buildRules = (
			);
			dependencies = (
			);
			name = MGCollapsingHeader;
			productName = MGCollapsingHeader;
			productReference = A817A0001E6927A600EFEFEC /* libMGCollapsingHeader.a */;
			productType = "com.apple.product-type.library.static";
		};
/* End PBXNativeTarget section */

/* Begin PBXProject section */
		A8179FF81E6927A600EFEFEC /* Project object */ = {
			isa = PBXProject;
			attributes = {
				LastUpgradeCheck = 0820;
				ORGANIZATIONNAME = "Pham Quan";
				TargetAttributes = {
					A8179FFF1E6927A600EFEFEC = {
						CreatedOnToolsVersion = 8.2.1;
						DevelopmentTeam = HNTRJENHDS;
						ProvisioningStyle = Automatic;
					};
				};
			};
			buildConfigurationList = A8179FFB1E6927A600EFEFEC /* Build configuration list for PBXProject "MGCollapsingHeader" */;
			compatibilityVersion = "Xcode 3.2";
			developmentRegion = English;
			hasScannedForEncodings = 0;
			knownRegions = (
				en,
			);
			mainGroup = A8179FF71E6927A600EFEFEC;
			productRefGroup = A817A0011E6927A600EFEFEC /* Products */;
			projectDirPath = "";
			projectRoot = "";
			targets = (
				A8179FFF1E6927A600EFEFEC /* MGCollapsingHeader */,
			);
		};
/* End PBXProject section */

/* Begin PBXSourcesBuildPhase section */
		A8179FFC1E6927A600EFEFEC /* Sources */ = {
			isa = PBXSourcesBuildPhase;
			buildActionMask = 2147483647;
			files = (
				A817A0111E6928E400EFEFEC /* MGCollapsingHeaderView.m in Sources */,
			);
			runOnlyForDeploymentPostprocessing = 0;
		};
/* End PBXSourcesBuildPhase section */

/* Begin XCBuildConfiguration section */
		A817A0071E6927A600EFEFEC /* Debug */ = {
			isa = XCBuildConfiguration;
			buildSettings = {
				ALWAYS_SEARCH_USER_PATHS = NO;
				CLANG_ANALYZER_NONNULL = YES;
				CLANG_CXX_LANGUAGE_STANDARD = "gnu++0x";
				CLANG_CXX_LIBRARY = "libc++";
				CLANG_ENABLE_MODULES = YES;
				CLANG_ENABLE_OBJC_ARC = YES;
				CLANG_WARN_BOOL_CONVERSION = YES;
				CLANG_WARN_CONSTANT_CONVERSION = YES;
				CLANG_WARN_DIRECT_OBJC_ISA_USAGE = YES_ERROR;
				CLANG_WARN_DOCUMENTATION_COMMENTS = YES;
				CLANG_WARN_EMPTY_BODY = YES;
				CLANG_WARN_ENUM_CONVERSION = YES;
				CLANG_WARN_INFINITE_RECURSION = YES;
				CLANG_WARN_INT_CONVERSION = YES;
				CLANG_WARN_OBJC_ROOT_CLASS = YES_ERROR;
				CLANG_WARN_SUSPICIOUS_MOVE = YES;
				CLANG_WARN_UNREACHABLE_CODE = YES;
				CLANG_WARN__DUPLICATE_METHOD_MATCH = YES;
				"CODE_SIGN_IDENTITY[sdk=iphoneos*]" = "iPhone Developer";
				COPY_PHASE_STRIP = NO;
				DEBUG_INFORMATION_FORMAT = dwarf;
				ENABLE_STRICT_OBJC_MSGSEND = YES;
				ENABLE_TESTABILITY = YES;
				GCC_C_LANGUAGE_STANDARD = gnu99;
				GCC_DYNAMIC_NO_PIC = NO;
				GCC_NO_COMMON_BLOCKS = YES;
				GCC_OPTIMIZATION_LEVEL = 0;
				GCC_PREPROCESSOR_DEFINITIONS = (
					"DEBUG=1",
					"$(inherited)",
				);
				GCC_WARN_64_TO_32_BIT_CONVERSION = YES;
				GCC_WARN_ABOUT_RETURN_TYPE = YES_ERROR;
				GCC_WARN_UNDECLARED_SELECTOR = YES;
				GCC_WARN_UNINITIALIZED_AUTOS = YES_AGGRESSIVE;
				GCC_WARN_UNUSED_FUNCTION = YES;
				GCC_WARN_UNUSED_VARIABLE = YES;
				IPHONEOS_DEPLOYMENT_TARGET = 10.2;
				MTL_ENABLE_DEBUG_INFO = YES;
				ONLY_ACTIVE_ARCH = YES;
				SDKROOT = iphoneos;
			};
			name = Debug;
		};
		A817A0081E6927A600EFEFEC /* Release */ = {
			isa = XCBuildConfiguration;
			buildSettings = {
				ALWAYS_SEARCH_USER_PATHS = NO;
				CLANG_ANALYZER_NONNULL = YES;
				CLANG_CXX_LANGUAGE_STANDARD = "gnu++0x";
				CLANG_CXX_LIBRARY = "libc++";
				CLANG_ENABLE_MODULES = YES;
				CLANG_ENABLE_OBJC_ARC = YES;
				CLANG_WARN_BOOL_CONVERSION = YES;
				CLANG_WARN_CONSTANT_CONVERSION = YES;
				CLANG_WARN_DIRECT_OBJC_ISA_USAGE = YES_ERROR;
				CLANG_WARN_DOCUMENTATION_COMMENTS = YES;
				CLANG_WARN_EMPTY_BODY = YES;
				CLANG_WARN_ENUM_CONVERSION = YES;
				CLANG_WARN_INFINITE_RECURSION = YES;
				CLANG_WARN_INT_CONVERSION = YES;
				CLANG_WARN_OBJC_ROOT_CLASS = YES_ERROR;
				CLANG_WARN_SUSPICIOUS_MOVE = YES;
				CLANG_WARN_UNREACHABLE_CODE = YES;
				CLANG_WARN__DUPLICATE_METHOD_MATCH = YES;
				"CODE_SIGN_IDENTITY[sdk=iphoneos*]" = "iPhone Developer";
				COPY_PHASE_STRIP = NO;
				DEBUG_INFORMATION_FORMAT = "dwarf-with-dsym";
				ENABLE_NS_ASSERTIONS = NO;
				ENABLE_STRICT_OBJC_MSGSEND = YES;
				GCC_C_LANGUAGE_STANDARD = gnu99;
				GCC_NO_COMMON_BLOCKS = YES;
				GCC_WARN_64_TO_32_BIT_CONVERSION = YES;
				GCC_WARN_ABOUT_RETURN_TYPE = YES_ERROR;
				GCC_WARN_UNDECLARED_SELECTOR = YES;
				GCC_WARN_UNINITIALIZED_AUTOS = YES_AGGRESSIVE;
				GCC_WARN_UNUSED_FUNCTION = YES;
				GCC_WARN_UNUSED_VARIABLE = YES;
				IPHONEOS_DEPLOYMENT_TARGET = 10.2;
				MTL_ENABLE_DEBUG_INFO = NO;
				SDKROOT = iphoneos;
				VALIDATE_PRODUCT = YES;
			};
			name = Release;
		};
		A817A00A1E6927A600EFEFEC /* Debug */ = {
			isa = XCBuildConfiguration;
			buildSettings = {
				DEVELOPMENT_TEAM = HNTRJENHDS;
				OTHER_LDFLAGS = "-ObjC";
				PRODUCT_NAME = "$(TARGET_NAME)";
				SKIP_INSTALL = YES;
			};
			name = Debug;
		};
		A817A00B1E6927A600EFEFEC /* Release */ = {
			isa = XCBuildConfiguration;
			buildSettings = {
				DEVELOPMENT_TEAM = HNTRJENHDS;
				OTHER_LDFLAGS = "-ObjC";
				PRODUCT_NAME = "$(TARGET_NAME)";
				SKIP_INSTALL = YES;
			};
			name = Release;
		};
/* End XCBuildConfiguration section */

/* Begin XCConfigurationList section */
		A8179FFB1E6927A600EFEFEC /* Build configuration list for PBXProject "MGCollapsingHeader" */ = {
			isa = XCConfigurationList;
			buildConfigurations = (
				A817A0071E6927A600EFEFEC /* Debug */,
				A817A0081E6927A600EFEFEC /* Release */,
			);
			defaultConfigurationIsVisible = 0;
			defaultConfigurationName = Release;
		};
		A817A0091E6927A600EFEFEC /* Build configuration list for PBXNativeTarget "MGCollapsingHeader" */ = {
			isa = XCConfigurationList;
			buildConfigurations = (
				A817A00A1E6927A600EFEFEC /* Debug */,
				A817A00B1E6927A600EFEFEC /* Release */,
			);
			defaultConfigurationIsVisible = 0;
			defaultConfigurationName = Release;
		};
/* End XCConfigurationList section */
	};
	rootObject = A8179FF81E6927A600EFEFEC /* Project object */;
}
